// !$*UTF8*$!
{
	archiveVersion = 1;
	classes = {
	};
	objectVersion = 50;
	objects = {

/* Begin PBXBuildFile section */
		BCCC5AD1237EFA3800BE939E /* AppDelegate.swift in Sources */ = {isa = PBXBuildFile; fileRef = BCCC5AD0237EFA3800BE939E /* AppDelegate.swift */; };
		BCCC5AD3237EFA3800BE939E /* SceneDelegate.swift in Sources */ = {isa = PBXBuildFile; fileRef = BCCC5AD2237EFA3800BE939E /* SceneDelegate.swift */; };
		BCCC5AD5237EFA3800BE939E /* ViewController.swift in Sources */ = {isa = PBXBuildFile; fileRef = BCCC5AD4237EFA3800BE939E /* ViewController.swift */; };
		BCCC5AD8237EFA3800BE939E /* Main.storyboard in Resources */ = {isa = PBXBuildFile; fileRef = BCCC5AD6237EFA3800BE939E /* Main.storyboard */; };
		BCCC5ADA237EFA3900BE939E /* Assets.xcassets in Resources */ = {isa = PBXBuildFile; fileRef = BCCC5AD9237EFA3900BE939E /* Assets.xcassets */; };
		BCCC5ADD237EFA3900BE939E /* LaunchScreen.storyboard in Resources */ = {isa = PBXBuildFile; fileRef = BCCC5ADB237EFA3900BE939E /* LaunchScreen.storyboard */; };
/* End PBXBuildFile section */

/* Begin PBXFileReference section */
		BCCC5ACD237EFA3800BE939E /* EasyFind.app */ = {isa = PBXFileReference; explicitFileType = wrapper.application; includeInIndex = 0; path = EasyFind.app; sourceTree = BUILT_PRODUCTS_DIR; };
		BCCC5AD0237EFA3800BE939E /* AppDelegate.swift */ = {isa = PBXFileReference; lastKnownFileType = sourcecode.swift; path = AppDelegate.swift; sourceTree = "<group>"; };
		BCCC5AD2237EFA3800BE939E /* SceneDelegate.swift */ = {isa = PBXFileReference; lastKnownFileType = sourcecode.swift; path = SceneDelegate.swift; sourceTree = "<group>"; };
		BCCC5AD4237EFA3800BE939E /* ViewController.swift */ = {isa = PBXFileReference; lastKnownFileType = sourcecode.swift; path = ViewController.swift; sourceTree = "<group>"; };
		BCCC5AD7237EFA3800BE939E /* Base */ = {isa = PBXFileReference; lastKnownFileType = file.storyboard; name = Base; path = Base.lproj/Main.storyboard; sourceTree = "<group>"; };
		BCCC5AD9237EFA3900BE939E /* Assets.xcassets */ = {isa = PBXFileReference; lastKnownFileType = folder.assetcatalog; path = Assets.xcassets; sourceTree = "<group>"; };
		BCCC5ADC237EFA3900BE939E /* Base */ = {isa = PBXFileReference; lastKnownFileType = file.storyboard; name = Base; path = Base.lproj/LaunchScreen.storyboard; sourceTree = "<group>"; };
		BCCC5ADE237EFA3900BE939E /* Info.plist */ = {isa = PBXFileReference; lastKnownFileType = text.plist.xml; path = Info.plist; sourceTree = "<group>"; };
/* End PBXFileReference section */

/* Begin PBXFrameworksBuildPhase section */
		BCCC5ACA237EFA3800BE939E /* Frameworks */ = {
			isa = PBXFrameworksBuildPhase;
			buildActionMask = 2147483647;
			files = (
			);
			runOnlyForDeploymentPostprocessing = 0;
		};
/* End PBXFrameworksBuildPhase section */

/* Begin PBXGroup section */
		BCCC5AC4237EFA3800BE939E = {
			isa = PBXGroup;
			children = (
				BCCC5ACF237EFA3800BE939E /* EasyFind */,
				BCCC5ACE237EFA3800BE939E /* Products */,
			);
			sourceTree = "<group>";
		};
		BCCC5ACE237EFA3800BE939E /* Products */ = {
			isa = PBXGroup;
			children = (
				BCCC5ACD237EFA3800BE939E /* EasyFind.app */,
			);
			name = Products;
			sourceTree = "<group>";
		};
		BCCC5ACF237EFA3800BE939E /* EasyFind */ = {
			isa = PBXGroup;
			children = (
				BCCC5AD0237EFA3800BE939E /* AppDelegate.swift */,
				BCCC5AD2237EFA3800BE939E /* SceneDelegate.swift */,
				BCCC5AD4237EFA3800BE939E /* ViewController.swift */,
				BCCC5AD6237EFA3800BE939E /* Main.storyboard */,
				BCCC5AD9237EFA3900BE939E /* Assets.xcassets */,
				BCCC5ADB237EFA3900BE939E /* LaunchScreen.storyboard */,
				BCCC5ADE237EFA3900BE939E /* Info.plist */,
			);
			path = EasyFind;
			sourceTree = "<group>";
		};
/* End PBXGroup section */

/* Begin PBXNativeTarget section */
		BCCC5ACC237EFA3800BE939E /* EasyFind */ = {
			isa = PBXNativeTarget;
			buildConfigurationList = BCCC5AE1237EFA3900BE939E /* Build configuration list for PBXNativeTarget "EasyFind" */;
			buildPhases = (
				BCCC5AC9237EFA3800BE939E /* Sources */,
				BCCC5ACA237EFA3800BE939E /* Frameworks */,
				BCCC5ACB237EFA3800BE939E /* Resources */,
			);
			buildRules = (
			);
			dependencies = (
			);
			name = EasyFind;
			productName = EasyFind;
			productReference = BCCC5ACD237EFA3800BE939E /* EasyFind.app */;
			productType = "com.apple.product-type.application";
		};
/* End PBXNativeTarget section */

/* Begin PBXProject section */
		BCCC5AC5237EFA3800BE939E /* Project object */ = {
			isa = PBXProject;
			attributes = {
				LastSwiftUpdateCheck = 1120;
				LastUpgradeCheck = 1120;
				ORGANIZATIONNAME = "Ramanpreet Singh";
				TargetAttributes = {
					BCCC5ACC237EFA3800BE939E = {
						CreatedOnToolsVersion = 11.2.1;
					};
				};
			};
			buildConfigurationList = BCCC5AC8237EFA3800BE939E /* Build configuration list for PBXProject "EasyFind" */;
			compatibilityVersion = "Xcode 9.3";
			developmentRegion = en;
			hasScannedForEncodings = 0;
			knownRegions = (
				en,
				Base,
			);
			mainGroup = BCCC5AC4237EFA3800BE939E;
			productRefGroup = BCCC5ACE237EFA3800BE939E /* Products */;
			projectDirPath = "";
			projectRoot = "";
			targets = (
				BCCC5ACC237EFA3800BE939E /* EasyFind */,
			);
		};
/* End PBXProject section */

/* Begin PBXResourcesBuildPhase section */
		BCCC5ACB237EFA3800BE939E /* Resources */ = {
			isa = PBXResourcesBuildPhase;
			buildActionMask = 2147483647;
			files = (
				BCCC5ADD237EFA3900BE939E /* LaunchScreen.storyboard in Resources */,
				BCCC5ADA237EFA3900BE939E /* Assets.xcassets in Resources */,
				BCCC5AD8237EFA3800BE939E /* Main.storyboard in Resources */,
			);
			runOnlyForDeploymentPostprocessing = 0;
		};
/* End PBXResourcesBuildPhase section */

/* Begin PBXSourcesBuildPhase section */
		BCCC5AC9237EFA3800BE939E /* Sources */ = {
			isa = PBXSourcesBuildPhase;
			buildActionMask = 2147483647;
			files = (
				BCCC5AD5237EFA3800BE939E /* ViewController.swift in Sources */,
				BCCC5AD1237EFA3800BE939E /* AppDelegate.swift in Sources */,
				BCCC5AD3237EFA3800BE939E /* SceneDelegate.swift in Sources */,
			);
			runOnlyForDeploymentPostprocessing = 0;
		};
/* End PBXSourcesBuildPhase section */

/* Begin PBXVariantGroup section */
		BCCC5AD6237EFA3800BE939E /* Main.storyboard */ = {
			isa = PBXVariantGroup;
			children = (
				BCCC5AD7237EFA3800BE939E /* Base */,
			);
			name = Main.storyboard;
			sourceTree = "<group>";
		};
		BCCC5ADB237EFA3900BE939E /* LaunchScreen.storyboard */ = {
			isa = PBXVariantGroup;
			children = (
				BCCC5ADC237EFA3900BE939E /* Base */,
			);
			name = LaunchScreen.storyboard;
			sourceTree = "<group>";
		};
/* End PBXVariantGroup section */

/* Begin XCBuildConfiguration section */
		BCCC5ADF237EFA3900BE939E /* Debug */ = {
			isa = XCBuildConfiguration;
			buildSettings = {
				ALWAYS_SEARCH_USER_PATHS = NO;
				CLANG_ANALYZER_NONNULL = YES;
				CLANG_ANALYZER_NUMBER_OBJECT_CONVERSION = YES_AGGRESSIVE;
				CLANG_CXX_LANGUAGE_STANDARD = "gnu++14";
				CLANG_CXX_LIBRARY = "libc++";
				CLANG_ENABLE_MODULES = YES;
				CLANG_ENABLE_OBJC_ARC = YES;
				CLANG_ENABLE_OBJC_WEAK = YES;
				CLANG_WARN_BLOCK_CAPTURE_AUTORELEASING = YES;
				CLANG_WARN_BOOL_CONVERSION = YES;
				CLANG_WARN_COMMA = YES;
				CLANG_WARN_CONSTANT_CONVERSION = YES;
				CLANG_WARN_DEPRECATED_OBJC_IMPLEMENTATIONS = YES;
				CLANG_WARN_DIRECT_OBJC_ISA_USAGE = YES_ERROR;
				CLANG_WARN_DOCUMENTATION_COMMENTS = YES;
				CLANG_WARN_EMPTY_BODY = YES;
				CLANG_WARN_ENUM_CONVERSION = YES;
				CLANG_WARN_INFINITE_RECURSION = YES;
				CLANG_WARN_INT_CONVERSION = YES;
				CLANG_WARN_NON_LITERAL_NULL_CONVERSION = YES;
				CLANG_WARN_OBJC_IMPLICIT_RETAIN_SELF = YES;
				CLANG_WARN_OBJC_LITERAL_CONVERSION = YES;
				CLANG_WARN_OBJC_ROOT_CLASS = YES_ERROR;
				CLANG_WARN_RANGE_LOOP_ANALYSIS = YES;
				CLANG_WARN_STRICT_PROTOTYPES = YES;
				CLANG_WARN_SUSPICIOUS_MOVE = YES;
				CLANG_WARN_UNGUARDED_AVAILABILITY = YES_AGGRESSIVE;
				CLANG_WARN_UNREACHABLE_CODE = YES;
				CLANG_WARN__DUPLICATE_METHOD_MATCH = YES;
				COPY_PHASE_STRIP = NO;
				DEBUG_INFORMATION_FORMAT = dwarf;
				ENABLE_STRICT_OBJC_MSGSEND = YES;
				ENABLE_TESTABILITY = YES;
				GCC_C_LANGUAGE_STANDARD = gnu11;
				GCC_DYNAMIC_NO_PIC = NO;
				GCC_NO_COMMON_BLOCKS = YES;
				GCC_OPTIMIZATION_LEVEL = 0;
				GCC_PREPROCESSOR_DEFINITIONS = (
					"DEBUG=1",
					"$(inherited)",
				);
				GCC_WARN_64_TO_32_BIT_CONVERSION = YES;
				GCC_WARN_ABOUT_RETURN_TYPE = YES_ERROR;
				GCC_WARN_UNDECLARED_SELECTOR = YES;
				GCC_WARN_UNINITIALIZED_AUTOS = YES_AGGRESSIVE;
				GCC_WARN_UNUSED_FUNCTION = YES;
				GCC_WARN_UNUSED_VARIABLE = YES;
				IPHONEOS_DEPLOYMENT_TARGET = 13.2;
				MTL_ENABLE_DEBUG_INFO = INCLUDE_SOURCE;
				MTL_FAST_MATH = YES;
				ONLY_ACTIVE_ARCH = YES;
				SDKROOT = iphoneos;
				SWIFT_ACTIVE_COMPILATION_CONDITIONS = DEBUG;
				SWIFT_OPTIMIZATION_LEVEL = "-Onone";
			};
			name = Debug;
		};
		BCCC5AE0237EFA3900BE939E /* Release */ = {
			isa = XCBuildConfiguration;
			buildSettings = {
				ALWAYS_SEARCH_USER_PATHS = NO;
				CLANG_ANALYZER_NONNULL = YES;
				CLANG_ANALYZER_NUMBER_OBJECT_CONVERSION = YES_AGGRESSIVE;
				CLANG_CXX_LANGUAGE_STANDARD = "gnu++14";
				CLANG_CXX_LIBRARY = "libc++";
				CLANG_ENABLE_MODULES = YES;
				CLANG_ENABLE_OBJC_ARC = YES;
				CLANG_ENABLE_OBJC_WEAK = YES;
				CLANG_WARN_BLOCK_CAPTURE_AUTORELEASING = YES;
				CLANG_WARN_BOOL_CONVERSION = YES;
				CLANG_WARN_COMMA = YES;
				CLANG_WARN_CONSTANT_CONVERSION = YES;
				CLANG_WARN_DEPRECATED_OBJC_IMPLEMENTATIONS = YES;
				CLANG_WARN_DIRECT_OBJC_ISA_USAGE = YES_ERROR;
				CLANG_WARN_DOCUMENTATION_COMMENTS = YES;
				CLANG_WARN_EMPTY_BODY = YES;
				CLANG_WARN_ENUM_CONVERSION = YES;
				CLANG_WARN_INFINITE_RECURSION = YES;
				CLANG_WARN_INT_CONVERSION = YES;
				CLANG_WARN_NON_LITERAL_NULL_CONVERSION = YES;
				CLANG_WARN_OBJC_IMPLICIT_RETAIN_SELF = YES;
				CLANG_WARN_OBJC_LITERAL_CONVERSION = YES;
				CLANG_WARN_OBJC_ROOT_CLASS = YES_ERROR;
				CLANG_WARN_RANGE_LOOP_ANALYSIS = YES;
				CLANG_WARN_STRICT_PROTOTYPES = YES;
				CLANG_WARN_SUSPICIOUS_MOVE = YES;
				CLANG_WARN_UNGUARDED_AVAILABILITY = YES_AGGRESSIVE;
				CLANG_WARN_UNREACHABLE_CODE = YES;
				CLANG_WARN__DUPLICATE_METHOD_MATCH = YES;
				COPY_PHASE_STRIP = NO;
				DEBUG_INFORMATION_FORMAT = "dwarf-with-dsym";
				ENABLE_NS_ASSERTIONS = NO;
				ENABLE_STRICT_OBJC_MSGSEND = YES;
				GCC_C_LANGUAGE_STANDARD = gnu11;
				GCC_NO_COMMON_BLOCKS = YES;
				GCC_WARN_64_TO_32_BIT_CONVERSION = YES;
				GCC_WARN_ABOUT_RETURN_TYPE = YES_ERROR;
				GCC_WARN_UNDECLARED_SELECTOR = YES;
				GCC_WARN_UNINITIALIZED_AUTOS = YES_AGGRESSIVE;
				GCC_WARN_UNUSED_FUNCTION = YES;
				GCC_WARN_UNUSED_VARIABLE = YES;
				IPHONEOS_DEPLOYMENT_TARGET = 13.2;
				MTL_ENABLE_DEBUG_INFO = NO;
				MTL_FAST_MATH = YES;
				SDKROOT = iphoneos;
				SWIFT_COMPILATION_MODE = wholemodule;
				SWIFT_OPTIMIZATION_LEVEL = "-O";
				VALIDATE_PRODUCT = YES;
			};
			name = Release;
		};
		BCCC5AE2237EFA3900BE939E /* Debug */ = {
			isa = XCBuildConfiguration;
			buildSettings = {
				ASSETCATALOG_COMPILER_APPICON_NAME = AppIcon;
				CODE_SIGN_STYLE = Automatic;
				INFOPLIST_FILE = EasyFind/Info.plist;
				LD_RUNPATH_SEARCH_PATHS = (
					"$(inherited)",
					"@executable_path/Frameworks",
				);
				PRODUCT_BUNDLE_IDENTIFIER = com.ramanpreet.EasyFind;
				PRODUCT_NAME = "$(TARGET_NAME)";
				SWIFT_VERSION = 5.0;
				TARGETED_DEVICE_FAMILY = "1,2";
			};
			name = Debug;
		};
		BCCC5AE3237EFA3900BE939E /* Release */ = {
			isa = XCBuildConfiguration;
			buildSettings = {
				ASSETCATALOG_COMPILER_APPICON_NAME = AppIcon;
				CODE_SIGN_STYLE = Automatic;
				INFOPLIST_FILE = EasyFind/Info.plist;
				LD_RUNPATH_SEARCH_PATHS = (
					"$(inherited)",
					"@executable_path/Frameworks",
				);
				PRODUCT_BUNDLE_IDENTIFIER = com.ramanpreet.EasyFind;
				PRODUCT_NAME = "$(TARGET_NAME)";
				SWIFT_VERSION = 5.0;
				TARGETED_DEVICE_FAMILY = "1,2";
			};
			name = Release;
		};
/* End XCBuildConfiguration section */

/* Begin XCConfigurationList section */
		BCCC5AC8237EFA3800BE939E /* Build configuration list for PBXProject "EasyFind" */ = {
			isa = XCConfigurationList;
			buildConfigurations = (
				BCCC5ADF237EFA3900BE939E /* Debug */,
				BCCC5AE0237EFA3900BE939E /* Release */,
			);
			defaultConfigurationIsVisible = 0;
			defaultConfigurationName = Release;
		};
		BCCC5AE1237EFA3900BE939E /* Build configuration list for PBXNativeTarget "EasyFind" */ = {
			isa = XCConfigurationList;
			buildConfigurations = (
				BCCC5AE2237EFA3900BE939E /* Debug */,
				BCCC5AE3237EFA3900BE939E /* Release */,
			);
			defaultConfigurationIsVisible = 0;
			defaultConfigurationName = Release;
		};
/* End XCConfigurationList section */
	};
	rootObject = BCCC5AC5237EFA3800BE939E /* Project object */;
}
