// !$*UTF8*$!
{
	archiveVersion = 1;
	classes = {
	};
	objectVersion = 51;
	objects = {

/* Begin PBXBuildFile section */
		184F3DBC238081410093DB47 /* Pods_EasyFind.framework in Frameworks */ = {isa = PBXBuildFile; fileRef = C0E256590E9828185490952F /* Pods_EasyFind.framework */; };
		184F3DBD238081410093DB47 /* Pods_EasyFind.framework in Embed Frameworks */ = {isa = PBXBuildFile; fileRef = C0E256590E9828185490952F /* Pods_EasyFind.framework */; settings = {ATTRIBUTES = (RemoveHeadersOnCopy, ); }; };
		18A57512238105C400E12E84 /* EFTabBarVC.swift in Sources */ = {isa = PBXBuildFile; fileRef = 18A57511238105C400E12E84 /* EFTabBarVC.swift */; };
		18A575142381065600E12E84 /* Singelton.swift in Sources */ = {isa = PBXBuildFile; fileRef = 18A575132381065600E12E84 /* Singelton.swift */; };
		18C2BF9523806A8700C8669A /* EFSignInVC.swift in Sources */ = {isa = PBXBuildFile; fileRef = 18C2BF9423806A8700C8669A /* EFSignInVC.swift */; };
		18C2BF9723806A9900C8669A /* EFSignUpVC.swift in Sources */ = {isa = PBXBuildFile; fileRef = 18C2BF9623806A9900C8669A /* EFSignUpVC.swift */; };
		18D53DBD238087BD00EDAFA6 /* Helper.swift in Sources */ = {isa = PBXBuildFile; fileRef = 18D53DBC238087BD00EDAFA6 /* Helper.swift */; };
		18D53DC723808A0000EDAFA6 /* UIViewExtension.swift in Sources */ = {isa = PBXBuildFile; fileRef = 18D53DC2238089FF00EDAFA6 /* UIViewExtension.swift */; };
		18D53DC823808A0000EDAFA6 /* UIFloatExtension.swift in Sources */ = {isa = PBXBuildFile; fileRef = 18D53DC323808A0000EDAFA6 /* UIFloatExtension.swift */; };
		18D53DC923808A0000EDAFA6 /* UIColorExtension.swift in Sources */ = {isa = PBXBuildFile; fileRef = 18D53DC423808A0000EDAFA6 /* UIColorExtension.swift */; };
		18E514722381CB4E003FB8C9 /* EFDetailScreenVC.swift in Sources */ = {isa = PBXBuildFile; fileRef = 18E514712381CB4E003FB8C9 /* EFDetailScreenVC.swift */; };
		BC23D2CA237F780B00604AD5 /* BaseBusiness.swift in Sources */ = {isa = PBXBuildFile; fileRef = BC23D2C3237F780B00604AD5 /* BaseBusiness.swift */; };
		BC2728F8237FB4360020C271 /* Quicksand-Bold.ttf in Resources */ = {isa = PBXBuildFile; fileRef = BC2728F5237FB4360020C271 /* Quicksand-Bold.ttf */; };
		BC2728F9237FB4360020C271 /* Quicksand-Regular.ttf in Resources */ = {isa = PBXBuildFile; fileRef = BC2728F6237FB4360020C271 /* Quicksand-Regular.ttf */; };
		BC2728FA237FB4360020C271 /* Quicksand-Light.ttf in Resources */ = {isa = PBXBuildFile; fileRef = BC2728F7237FB4360020C271 /* Quicksand-Light.ttf */; };
		BC51F7992381CF6A00AD50E2 /* DetailViewController.swift in Sources */ = {isa = PBXBuildFile; fileRef = BC51F7982381CF6A00AD50E2 /* DetailViewController.swift */; };
		BC588837237F7E2D00E02F3D /* Coordinates.swift in Sources */ = {isa = PBXBuildFile; fileRef = BC588831237F7E2D00E02F3D /* Coordinates.swift */; };
		BC588838237F7E2D00E02F3D /* Location.swift in Sources */ = {isa = PBXBuildFile; fileRef = BC588832237F7E2D00E02F3D /* Location.swift */; };
		BC588839237F7E2D00E02F3D /* Businesses.swift in Sources */ = {isa = PBXBuildFile; fileRef = BC588833237F7E2D00E02F3D /* Businesses.swift */; };
		BC58883A237F7E2D00E02F3D /* Categories.swift in Sources */ = {isa = PBXBuildFile; fileRef = BC588834237F7E2D00E02F3D /* Categories.swift */; };
		BC58883B237F7E2D00E02F3D /* Center.swift in Sources */ = {isa = PBXBuildFile; fileRef = BC588835237F7E2D00E02F3D /* Center.swift */; };
		BC58883C237F7E2D00E02F3D /* Region.swift in Sources */ = {isa = PBXBuildFile; fileRef = BC588836237F7E2D00E02F3D /* Region.swift */; };
		BC58883E237F7FFA00E02F3D /* Extensions.swift in Sources */ = {isa = PBXBuildFile; fileRef = BC58883D237F7FFA00E02F3D /* Extensions.swift */; };
		BC588840237F807000E02F3D /* SearchViewController.swift in Sources */ = {isa = PBXBuildFile; fileRef = BC58883F237F807000E02F3D /* SearchViewController.swift */; };
		BC588842237F819000E02F3D /* SearchTableViewCell.swift in Sources */ = {isa = PBXBuildFile; fileRef = BC588841237F819000E02F3D /* SearchTableViewCell.swift */; };
		BC588844237F819C00E02F3D /* SearchTableViewCell.xib in Resources */ = {isa = PBXBuildFile; fileRef = BC588843237F819C00E02F3D /* SearchTableViewCell.xib */; };
		BCB84EF32381EE740033B397 /* FavoriteViewController.swift in Sources */ = {isa = PBXBuildFile; fileRef = BCB84EF22381EE740033B397 /* FavoriteViewController.swift */; };
		BCBBBC1F2381DC0200339FFC /* AbstractViewController.swift in Sources */ = {isa = PBXBuildFile; fileRef = BCBBBC1E2381DC0200339FFC /* AbstractViewController.swift */; };
		BCBBBC222381E77F00339FFC /* FavoriteStore.swift in Sources */ = {isa = PBXBuildFile; fileRef = BCBBBC212381E77F00339FFC /* FavoriteStore.swift */; };
		BCCC5AD1237EFA3800BE939E /* AppDelegate.swift in Sources */ = {isa = PBXBuildFile; fileRef = BCCC5AD0237EFA3800BE939E /* AppDelegate.swift */; };
		BCCC5AD3237EFA3800BE939E /* SceneDelegate.swift in Sources */ = {isa = PBXBuildFile; fileRef = BCCC5AD2237EFA3800BE939E /* SceneDelegate.swift */; };
		BCCC5AD8237EFA3800BE939E /* Main.storyboard in Resources */ = {isa = PBXBuildFile; fileRef = BCCC5AD6237EFA3800BE939E /* Main.storyboard */; };
		BCCC5ADA237EFA3900BE939E /* Assets.xcassets in Resources */ = {isa = PBXBuildFile; fileRef = BCCC5AD9237EFA3900BE939E /* Assets.xcassets */; };
		BCCC5ADD237EFA3900BE939E /* LaunchScreen.storyboard in Resources */ = {isa = PBXBuildFile; fileRef = BCCC5ADB237EFA3900BE939E /* LaunchScreen.storyboard */; };
		BCCC5AEC237F098900BE939E /* APIManager.swift in Sources */ = {isa = PBXBuildFile; fileRef = BCCC5AEB237F098900BE939E /* APIManager.swift */; };
		BCCC5AEF237F0A4C00BE939E /* YelpManager.swift in Sources */ = {isa = PBXBuildFile; fileRef = BCCC5AEE237F0A4C00BE939E /* YelpManager.swift */; };
/* End PBXBuildFile section */

/* Begin PBXCopyFilesBuildPhase section */
		184F3DBE238081410093DB47 /* Embed Frameworks */ = {
			isa = PBXCopyFilesBuildPhase;
			buildActionMask = 2147483647;
			dstPath = "";
			dstSubfolderSpec = 10;
			files = (
				184F3DBD238081410093DB47 /* Pods_EasyFind.framework in Embed Frameworks */,
			);
			name = "Embed Frameworks";
			runOnlyForDeploymentPostprocessing = 0;
		};
/* End PBXCopyFilesBuildPhase section */

/* Begin PBXFileReference section */
		18A57511238105C400E12E84 /* EFTabBarVC.swift */ = {isa = PBXFileReference; lastKnownFileType = sourcecode.swift; path = EFTabBarVC.swift; sourceTree = "<group>"; };
		18A575132381065600E12E84 /* Singelton.swift */ = {isa = PBXFileReference; lastKnownFileType = sourcecode.swift; path = Singelton.swift; sourceTree = "<group>"; };
		18C2BF9423806A8700C8669A /* EFSignInVC.swift */ = {isa = PBXFileReference; lastKnownFileType = sourcecode.swift; path = EFSignInVC.swift; sourceTree = "<group>"; };
		18C2BF9623806A9900C8669A /* EFSignUpVC.swift */ = {isa = PBXFileReference; lastKnownFileType = sourcecode.swift; path = EFSignUpVC.swift; sourceTree = "<group>"; };
		18D53DBC238087BD00EDAFA6 /* Helper.swift */ = {isa = PBXFileReference; lastKnownFileType = sourcecode.swift; path = Helper.swift; sourceTree = "<group>"; };
		18D53DC2238089FF00EDAFA6 /* UIViewExtension.swift */ = {isa = PBXFileReference; fileEncoding = 4; lastKnownFileType = sourcecode.swift; path = UIViewExtension.swift; sourceTree = "<group>"; };
		18D53DC323808A0000EDAFA6 /* UIFloatExtension.swift */ = {isa = PBXFileReference; fileEncoding = 4; lastKnownFileType = sourcecode.swift; path = UIFloatExtension.swift; sourceTree = "<group>"; };
		18D53DC423808A0000EDAFA6 /* UIColorExtension.swift */ = {isa = PBXFileReference; fileEncoding = 4; lastKnownFileType = sourcecode.swift; path = UIColorExtension.swift; sourceTree = "<group>"; };
		18E514712381CB4E003FB8C9 /* EFDetailScreenVC.swift */ = {isa = PBXFileReference; lastKnownFileType = sourcecode.swift; path = EFDetailScreenVC.swift; sourceTree = "<group>"; };
		9B5D738FCE8DABCF3B3EC10A /* Pods-EasyFind.release.xcconfig */ = {isa = PBXFileReference; includeInIndex = 1; lastKnownFileType = text.xcconfig; name = "Pods-EasyFind.release.xcconfig"; path = "Target Support Files/Pods-EasyFind/Pods-EasyFind.release.xcconfig"; sourceTree = "<group>"; };
		BC23D2C3237F780B00604AD5 /* BaseBusiness.swift */ = {isa = PBXFileReference; fileEncoding = 4; lastKnownFileType = sourcecode.swift; path = BaseBusiness.swift; sourceTree = "<group>"; };
		BC2728F5237FB4360020C271 /* Quicksand-Bold.ttf */ = {isa = PBXFileReference; lastKnownFileType = file; path = "Quicksand-Bold.ttf"; sourceTree = "<group>"; };
		BC2728F6237FB4360020C271 /* Quicksand-Regular.ttf */ = {isa = PBXFileReference; lastKnownFileType = file; path = "Quicksand-Regular.ttf"; sourceTree = "<group>"; };
		BC2728F7237FB4360020C271 /* Quicksand-Light.ttf */ = {isa = PBXFileReference; lastKnownFileType = file; path = "Quicksand-Light.ttf"; sourceTree = "<group>"; };
		BC51F7982381CF6A00AD50E2 /* DetailViewController.swift */ = {isa = PBXFileReference; lastKnownFileType = sourcecode.swift; path = DetailViewController.swift; sourceTree = "<group>"; };
		BC588831237F7E2D00E02F3D /* Coordinates.swift */ = {isa = PBXFileReference; fileEncoding = 4; lastKnownFileType = sourcecode.swift; path = Coordinates.swift; sourceTree = "<group>"; };
		BC588832237F7E2D00E02F3D /* Location.swift */ = {isa = PBXFileReference; fileEncoding = 4; lastKnownFileType = sourcecode.swift; path = Location.swift; sourceTree = "<group>"; };
		BC588833237F7E2D00E02F3D /* Businesses.swift */ = {isa = PBXFileReference; fileEncoding = 4; lastKnownFileType = sourcecode.swift; path = Businesses.swift; sourceTree = "<group>"; };
		BC588834237F7E2D00E02F3D /* Categories.swift */ = {isa = PBXFileReference; fileEncoding = 4; lastKnownFileType = sourcecode.swift; path = Categories.swift; sourceTree = "<group>"; };
		BC588835237F7E2D00E02F3D /* Center.swift */ = {isa = PBXFileReference; fileEncoding = 4; lastKnownFileType = sourcecode.swift; path = Center.swift; sourceTree = "<group>"; };
		BC588836237F7E2D00E02F3D /* Region.swift */ = {isa = PBXFileReference; fileEncoding = 4; lastKnownFileType = sourcecode.swift; path = Region.swift; sourceTree = "<group>"; };
		BC58883D237F7FFA00E02F3D /* Extensions.swift */ = {isa = PBXFileReference; fileEncoding = 4; lastKnownFileType = sourcecode.swift; path = Extensions.swift; sourceTree = "<group>"; };
		BC58883F237F807000E02F3D /* SearchViewController.swift */ = {isa = PBXFileReference; lastKnownFileType = sourcecode.swift; path = SearchViewController.swift; sourceTree = "<group>"; };
		BC588841237F819000E02F3D /* SearchTableViewCell.swift */ = {isa = PBXFileReference; lastKnownFileType = sourcecode.swift; path = SearchTableViewCell.swift; sourceTree = "<group>"; };
		BC588843237F819C00E02F3D /* SearchTableViewCell.xib */ = {isa = PBXFileReference; lastKnownFileType = file.xib; path = SearchTableViewCell.xib; sourceTree = "<group>"; };
		BCB84EF22381EE740033B397 /* FavoriteViewController.swift */ = {isa = PBXFileReference; lastKnownFileType = sourcecode.swift; path = FavoriteViewController.swift; sourceTree = "<group>"; };
		BCBBBC1E2381DC0200339FFC /* AbstractViewController.swift */ = {isa = PBXFileReference; fileEncoding = 4; lastKnownFileType = sourcecode.swift; path = AbstractViewController.swift; sourceTree = "<group>"; };
		BCBBBC212381E77F00339FFC /* FavoriteStore.swift */ = {isa = PBXFileReference; lastKnownFileType = sourcecode.swift; path = FavoriteStore.swift; sourceTree = "<group>"; };
		BCCC5ACD237EFA3800BE939E /* EasyFind.app */ = {isa = PBXFileReference; explicitFileType = wrapper.application; includeInIndex = 0; path = EasyFind.app; sourceTree = BUILT_PRODUCTS_DIR; };
		BCCC5AD0237EFA3800BE939E /* AppDelegate.swift */ = {isa = PBXFileReference; lastKnownFileType = sourcecode.swift; path = AppDelegate.swift; sourceTree = "<group>"; };
		BCCC5AD2237EFA3800BE939E /* SceneDelegate.swift */ = {isa = PBXFileReference; lastKnownFileType = sourcecode.swift; path = SceneDelegate.swift; sourceTree = "<group>"; };
		BCCC5AD7237EFA3800BE939E /* Base */ = {isa = PBXFileReference; lastKnownFileType = file.storyboard; name = Base; path = Base.lproj/Main.storyboard; sourceTree = "<group>"; };
		BCCC5AD9237EFA3900BE939E /* Assets.xcassets */ = {isa = PBXFileReference; lastKnownFileType = folder.assetcatalog; path = Assets.xcassets; sourceTree = "<group>"; };
		BCCC5ADC237EFA3900BE939E /* Base */ = {isa = PBXFileReference; lastKnownFileType = file.storyboard; name = Base; path = Base.lproj/LaunchScreen.storyboard; sourceTree = "<group>"; };
		BCCC5ADE237EFA3900BE939E /* Info.plist */ = {isa = PBXFileReference; lastKnownFileType = text.plist.xml; path = Info.plist; sourceTree = "<group>"; };
		BCCC5AEB237F098900BE939E /* APIManager.swift */ = {isa = PBXFileReference; lastKnownFileType = sourcecode.swift; path = APIManager.swift; sourceTree = "<group>"; };
		BCCC5AEE237F0A4C00BE939E /* YelpManager.swift */ = {isa = PBXFileReference; lastKnownFileType = sourcecode.swift; path = YelpManager.swift; sourceTree = "<group>"; };
		C0E256590E9828185490952F /* Pods_EasyFind.framework */ = {isa = PBXFileReference; explicitFileType = wrapper.framework; includeInIndex = 0; path = Pods_EasyFind.framework; sourceTree = BUILT_PRODUCTS_DIR; };
		E2301A51AE9A1782C12B5686 /* Pods-EasyFind.debug.xcconfig */ = {isa = PBXFileReference; includeInIndex = 1; lastKnownFileType = text.xcconfig; name = "Pods-EasyFind.debug.xcconfig"; path = "Target Support Files/Pods-EasyFind/Pods-EasyFind.debug.xcconfig"; sourceTree = "<group>"; };
/* End PBXFileReference section */

/* Begin PBXFrameworksBuildPhase section */
		BCCC5ACA237EFA3800BE939E /* Frameworks */ = {
			isa = PBXFrameworksBuildPhase;
			buildActionMask = 2147483647;
			files = (
				184F3DBC238081410093DB47 /* Pods_EasyFind.framework in Frameworks */,
			);
			runOnlyForDeploymentPostprocessing = 0;
		};
/* End PBXFrameworksBuildPhase section */

/* Begin PBXGroup section */
		184F3DB423806AEA0093DB47 /* Home */ = {
			isa = PBXGroup;
			children = (
				18A57511238105C400E12E84 /* EFTabBarVC.swift */,
				BC58883F237F807000E02F3D /* SearchViewController.swift */,
			);
			path = Home;
			sourceTree = "<group>";
		};
		18C2BF932380698D00C8669A /* Welcome */ = {
			isa = PBXGroup;
			children = (
				18C2BF9423806A8700C8669A /* EFSignInVC.swift */,
				18C2BF9623806A9900C8669A /* EFSignUpVC.swift */,
			);
			path = Welcome;
			sourceTree = "<group>";
		};
		18D53DBA2380875300EDAFA6 /* Other */ = {
			isa = PBXGroup;
			children = (
				18D53DBE238087C100EDAFA6 /* Sources */,
				18D53DBB2380876800EDAFA6 /* Extensions */,
			);
			path = Other;
			sourceTree = "<group>";
		};
		18D53DBB2380876800EDAFA6 /* Extensions */ = {
			isa = PBXGroup;
			children = (
				18D53DC423808A0000EDAFA6 /* UIColorExtension.swift */,
				18D53DC323808A0000EDAFA6 /* UIFloatExtension.swift */,
				18D53DC2238089FF00EDAFA6 /* UIViewExtension.swift */,
			);
			path = Extensions;
			sourceTree = "<group>";
		};
		18D53DBE238087C100EDAFA6 /* Sources */ = {
			isa = PBXGroup;
			children = (
				18D53DBC238087BD00EDAFA6 /* Helper.swift */,
			);
			path = Sources;
			sourceTree = "<group>";
		};
		18E514702381C9F2003FB8C9 /* Detail */ = {
			isa = PBXGroup;
			children = (
				18E514712381CB4E003FB8C9 /* EFDetailScreenVC.swift */,
			);
			path = Detail;
			sourceTree = "<group>";
		};
		4C586B01725E0E6DE7AEC78C /* Pods */ = {
			isa = PBXGroup;
			children = (
				E2301A51AE9A1782C12B5686 /* Pods-EasyFind.debug.xcconfig */,
				9B5D738FCE8DABCF3B3EC10A /* Pods-EasyFind.release.xcconfig */,
			);
			path = Pods;
			sourceTree = "<group>";
		};
		96A3A878850068D0C1F0284B /* Frameworks */ = {
			isa = PBXGroup;
			children = (
				C0E256590E9828185490952F /* Pods_EasyFind.framework */,
			);
			name = Frameworks;
			sourceTree = "<group>";
		};
		BC23D282237F635200604AD5 /* Yelp */ = {
			isa = PBXGroup;
			children = (
				BC23D2C3237F780B00604AD5 /* BaseBusiness.swift */,
				BC588833237F7E2D00E02F3D /* Businesses.swift */,
				BC588834237F7E2D00E02F3D /* Categories.swift */,
				BC588835237F7E2D00E02F3D /* Center.swift */,
				BC588831237F7E2D00E02F3D /* Coordinates.swift */,
				BC588832237F7E2D00E02F3D /* Location.swift */,
				BC588836237F7E2D00E02F3D /* Region.swift */,
			);
			path = Yelp;
			sourceTree = "<group>";
		};
		BC2728F4237FB4360020C271 /* Fonts */ = {
			isa = PBXGroup;
			children = (
				BC2728F5237FB4360020C271 /* Quicksand-Bold.ttf */,
				BC2728F6237FB4360020C271 /* Quicksand-Regular.ttf */,
				BC2728F7237FB4360020C271 /* Quicksand-Light.ttf */,
			);
			path = Fonts;
			sourceTree = "<group>";
		};
		BC51F7962381CF1C00AD50E2 /* AbstarctViewController */ = {
			isa = PBXGroup;
			children = (
				BCBBBC1E2381DC0200339FFC /* AbstractViewController.swift */,
			);
			path = AbstarctViewController;
			sourceTree = "<group>";
		};
		BC51F7972381CF3000AD50E2 /* DetailViewController */ = {
			isa = PBXGroup;
			children = (
				BC51F7982381CF6A00AD50E2 /* DetailViewController.swift */,
			);
			path = DetailViewController;
			sourceTree = "<group>";
		};
		BCB84EF12381EE220033B397 /* FavoriteViewController */ = {
			isa = PBXGroup;
			children = (
				BCB84EF22381EE740033B397 /* FavoriteViewController.swift */,
			);
			path = FavoriteViewController;
			sourceTree = "<group>";
		};
		BCBBBC202381E76A00339FFC /* Store */ = {
			isa = PBXGroup;
			children = (
				BCBBBC212381E77F00339FFC /* FavoriteStore.swift */,
			);
			path = Store;
			sourceTree = "<group>";
		};
		BCCC5AC4237EFA3800BE939E = {
			isa = PBXGroup;
			children = (
				BCCC5ACF237EFA3800BE939E /* EasyFind */,
				BCCC5ACE237EFA3800BE939E /* Products */,
				4C586B01725E0E6DE7AEC78C /* Pods */,
				96A3A878850068D0C1F0284B /* Frameworks */,
			);
			sourceTree = "<group>";
		};
		BCCC5ACE237EFA3800BE939E /* Products */ = {
			isa = PBXGroup;
			children = (
				BCCC5ACD237EFA3800BE939E /* EasyFind.app */,
			);
			name = Products;
			sourceTree = "<group>";
		};
		BCCC5ACF237EFA3800BE939E /* EasyFind */ = {
			isa = PBXGroup;
			children = (
				BCCC5AD0237EFA3800BE939E /* AppDelegate.swift */,
				BCCC5AD2237EFA3800BE939E /* SceneDelegate.swift */,
				BCCC5AE7237F096D00BE939E /* Model */,
				BCCC5AE8237F096D00BE939E /* View */,
				BCCC5AE6237F096D00BE939E /* Controller */,
				BCCC5AE9237F096D00BE939E /* APIManager */,
				BCCC5AED237F0A4100BE939E /* YelpManager */,
				18D53DBA2380875300EDAFA6 /* Other */,
				BCCC5AEA237F096D00BE939E /* Libs */,
				BCCC5AE4237EFD7500BE939E /* MISC */,
				BCBBBC202381E76A00339FFC /* Store */,
				BC2728F4237FB4360020C271 /* Fonts */,
			);
			path = EasyFind;
			sourceTree = "<group>";
		};
		BCCC5AE4237EFD7500BE939E /* MISC */ = {
			isa = PBXGroup;
			children = (
				BCCC5ADE237EFA3900BE939E /* Info.plist */,
			);
			path = MISC;
			sourceTree = "<group>";
		};
		BCCC5AE6237F096D00BE939E /* Controller */ = {
			isa = PBXGroup;
			children = (
				BC51F7962381CF1C00AD50E2 /* AbstarctViewController */,
				BC51F7972381CF3000AD50E2 /* DetailViewController */,
				BCB84EF12381EE220033B397 /* FavoriteViewController */,
				184F3DB423806AEA0093DB47 /* Home */,
				18C2BF932380698D00C8669A /* Welcome */,
				18E514702381C9F2003FB8C9 /* Detail */,
			);
			path = Controller;
			sourceTree = "<group>";
		};
		BCCC5AE7237F096D00BE939E /* Model */ = {
			isa = PBXGroup;
			children = (
				18A575132381065600E12E84 /* Singelton.swift */,
				BC23D282237F635200604AD5 /* Yelp */,
			);
			path = Model;
			sourceTree = "<group>";
		};
		BCCC5AE8237F096D00BE939E /* View */ = {
			isa = PBXGroup;
			children = (
				BCCC5AD6237EFA3800BE939E /* Main.storyboard */,
				BCCC5AD9237EFA3900BE939E /* Assets.xcassets */,
				BCCC5ADB237EFA3900BE939E /* LaunchScreen.storyboard */,
				BC588841237F819000E02F3D /* SearchTableViewCell.swift */,
				BC588843237F819C00E02F3D /* SearchTableViewCell.xib */,
			);
			path = View;
			sourceTree = "<group>";
		};
		BCCC5AE9237F096D00BE939E /* APIManager */ = {
			isa = PBXGroup;
			children = (
				BCCC5AEB237F098900BE939E /* APIManager.swift */,
			);
			path = APIManager;
			sourceTree = "<group>";
		};
		BCCC5AEA237F096D00BE939E /* Libs */ = {
			isa = PBXGroup;
			children = (
				BC58883D237F7FFA00E02F3D /* Extensions.swift */,
			);
			path = Libs;
			sourceTree = "<group>";
		};
		BCCC5AED237F0A4100BE939E /* YelpManager */ = {
			isa = PBXGroup;
			children = (
				BCCC5AEE237F0A4C00BE939E /* YelpManager.swift */,
			);
			path = YelpManager;
			sourceTree = "<group>";
		};
/* End PBXGroup section */

/* Begin PBXNativeTarget section */
		BCCC5ACC237EFA3800BE939E /* EasyFind */ = {
			isa = PBXNativeTarget;
			buildConfigurationList = BCCC5AE1237EFA3900BE939E /* Build configuration list for PBXNativeTarget "EasyFind" */;
			buildPhases = (
				9A7AB74EAD5FA33D67EB496F /* [CP] Check Pods Manifest.lock */,
				BCCC5AC9237EFA3800BE939E /* Sources */,
				BCCC5ACA237EFA3800BE939E /* Frameworks */,
				BCCC5ACB237EFA3800BE939E /* Resources */,
				F1C80A93B3B6C274E54E8A91 /* [CP] Embed Pods Frameworks */,
				184F3DBE238081410093DB47 /* Embed Frameworks */,
			);
			buildRules = (
			);
			dependencies = (
			);
			name = EasyFind;
			productName = EasyFind;
			productReference = BCCC5ACD237EFA3800BE939E /* EasyFind.app */;
			productType = "com.apple.product-type.application";
		};
/* End PBXNativeTarget section */

/* Begin PBXProject section */
		BCCC5AC5237EFA3800BE939E /* Project object */ = {
			isa = PBXProject;
			attributes = {
				LastSwiftUpdateCheck = 1120;
				LastUpgradeCheck = 1120;
				ORGANIZATIONNAME = "Ramanpreet Singh";
				TargetAttributes = {
					BCCC5ACC237EFA3800BE939E = {
						CreatedOnToolsVersion = 11.2.1;
					};
				};
			};
			buildConfigurationList = BCCC5AC8237EFA3800BE939E /* Build configuration list for PBXProject "EasyFind" */;
			compatibilityVersion = "Xcode 9.3";
			developmentRegion = en;
			hasScannedForEncodings = 0;
			knownRegions = (
				en,
				Base,
			);
			mainGroup = BCCC5AC4237EFA3800BE939E;
			productRefGroup = BCCC5ACE237EFA3800BE939E /* Products */;
			projectDirPath = "";
			projectRoot = "";
			targets = (
				BCCC5ACC237EFA3800BE939E /* EasyFind */,
			);
		};
/* End PBXProject section */

/* Begin PBXResourcesBuildPhase section */
		BCCC5ACB237EFA3800BE939E /* Resources */ = {
			isa = PBXResourcesBuildPhase;
			buildActionMask = 2147483647;
			files = (
				BCCC5ADD237EFA3900BE939E /* LaunchScreen.storyboard in Resources */,
				BC2728F9237FB4360020C271 /* Quicksand-Regular.ttf in Resources */,
				BC588844237F819C00E02F3D /* SearchTableViewCell.xib in Resources */,
				BC2728FA237FB4360020C271 /* Quicksand-Light.ttf in Resources */,
				BCCC5ADA237EFA3900BE939E /* Assets.xcassets in Resources */,
				BCCC5AD8237EFA3800BE939E /* Main.storyboard in Resources */,
				BC2728F8237FB4360020C271 /* Quicksand-Bold.ttf in Resources */,
			);
			runOnlyForDeploymentPostprocessing = 0;
		};
/* End PBXResourcesBuildPhase section */

/* Begin PBXShellScriptBuildPhase section */
		9A7AB74EAD5FA33D67EB496F /* [CP] Check Pods Manifest.lock */ = {
			isa = PBXShellScriptBuildPhase;
			buildActionMask = 2147483647;
			files = (
			);
			inputFileListPaths = (
			);
			inputPaths = (
				"${PODS_PODFILE_DIR_PATH}/Podfile.lock",
				"${PODS_ROOT}/Manifest.lock",
			);
			name = "[CP] Check Pods Manifest.lock";
			outputFileListPaths = (
			);
			outputPaths = (
				"$(DERIVED_FILE_DIR)/Pods-EasyFind-checkManifestLockResult.txt",
			);
			runOnlyForDeploymentPostprocessing = 0;
			shellPath = /bin/sh;
			shellScript = "diff \"${PODS_PODFILE_DIR_PATH}/Podfile.lock\" \"${PODS_ROOT}/Manifest.lock\" > /dev/null\nif [ $? != 0 ] ; then\n    # print error to STDERR\n    echo \"error: The sandbox is not in sync with the Podfile.lock. Run 'pod install' or update your CocoaPods installation.\" >&2\n    exit 1\nfi\n# This output is used by Xcode 'outputs' to avoid re-running this script phase.\necho \"SUCCESS\" > \"${SCRIPT_OUTPUT_FILE_0}\"\n";
			showEnvVarsInLog = 0;
		};
		F1C80A93B3B6C274E54E8A91 /* [CP] Embed Pods Frameworks */ = {
			isa = PBXShellScriptBuildPhase;
			buildActionMask = 2147483647;
			files = (
			);
			inputFileListPaths = (
				"${PODS_ROOT}/Target Support Files/Pods-EasyFind/Pods-EasyFind-frameworks-${CONFIGURATION}-input-files.xcfilelist",
			);
			name = "[CP] Embed Pods Frameworks";
			outputFileListPaths = (
				"${PODS_ROOT}/Target Support Files/Pods-EasyFind/Pods-EasyFind-frameworks-${CONFIGURATION}-output-files.xcfilelist",
			);
			runOnlyForDeploymentPostprocessing = 0;
			shellPath = /bin/sh;
			shellScript = "\"${PODS_ROOT}/Target Support Files/Pods-EasyFind/Pods-EasyFind-frameworks.sh\"\n";
			showEnvVarsInLog = 0;
		};
/* End PBXShellScriptBuildPhase section */

/* Begin PBXSourcesBuildPhase section */
		BCCC5AC9237EFA3800BE939E /* Sources */ = {
			isa = PBXSourcesBuildPhase;
			buildActionMask = 2147483647;
			files = (
				18E514722381CB4E003FB8C9 /* EFDetailScreenVC.swift in Sources */,
				BC58883B237F7E2D00E02F3D /* Center.swift in Sources */,
				18D53DC823808A0000EDAFA6 /* UIFloatExtension.swift in Sources */,
				BCBBBC222381E77F00339FFC /* FavoriteStore.swift in Sources */,
				BCCC5AEC237F098900BE939E /* APIManager.swift in Sources */,
				18A57512238105C400E12E84 /* EFTabBarVC.swift in Sources */,
				BCCC5AEF237F0A4C00BE939E /* YelpManager.swift in Sources */,
				BC58883C237F7E2D00E02F3D /* Region.swift in Sources */,
				BC588838237F7E2D00E02F3D /* Location.swift in Sources */,
				18D53DBD238087BD00EDAFA6 /* Helper.swift in Sources */,
				BC588837237F7E2D00E02F3D /* Coordinates.swift in Sources */,
				BC23D2CA237F780B00604AD5 /* BaseBusiness.swift in Sources */,
				BC588840237F807000E02F3D /* SearchViewController.swift in Sources */,
				BC588842237F819000E02F3D /* SearchTableViewCell.swift in Sources */,
				18C2BF9523806A8700C8669A /* EFSignInVC.swift in Sources */,
				18D53DC923808A0000EDAFA6 /* UIColorExtension.swift in Sources */,
				BC51F7992381CF6A00AD50E2 /* DetailViewController.swift in Sources */,
				BC58883E237F7FFA00E02F3D /* Extensions.swift in Sources */,
				BCCC5AD1237EFA3800BE939E /* AppDelegate.swift in Sources */,
				BC58883A237F7E2D00E02F3D /* Categories.swift in Sources */,
				18D53DC723808A0000EDAFA6 /* UIViewExtension.swift in Sources */,
				BCCC5AD3237EFA3800BE939E /* SceneDelegate.swift in Sources */,
				BCB84EF32381EE740033B397 /* FavoriteViewController.swift in Sources */,
				BCBBBC1F2381DC0200339FFC /* AbstractViewController.swift in Sources */,
				BC588839237F7E2D00E02F3D /* Businesses.swift in Sources */,
				18C2BF9723806A9900C8669A /* EFSignUpVC.swift in Sources */,
				18A575142381065600E12E84 /* Singelton.swift in Sources */,
			);
			runOnlyForDeploymentPostprocessing = 0;
		};
/* End PBXSourcesBuildPhase section */

/* Begin PBXVariantGroup section */
		BCCC5AD6237EFA3800BE939E /* Main.storyboard */ = {
			isa = PBXVariantGroup;
			children = (
				BCCC5AD7237EFA3800BE939E /* Base */,
			);
			name = Main.storyboard;
			sourceTree = "<group>";
		};
		BCCC5ADB237EFA3900BE939E /* LaunchScreen.storyboard */ = {
			isa = PBXVariantGroup;
			children = (
				BCCC5ADC237EFA3900BE939E /* Base */,
			);
			name = LaunchScreen.storyboard;
			sourceTree = "<group>";
		};
/* End PBXVariantGroup section */

/* Begin XCBuildConfiguration section */
		BCCC5ADF237EFA3900BE939E /* Debug */ = {
			isa = XCBuildConfiguration;
			buildSettings = {
				ALWAYS_SEARCH_USER_PATHS = NO;
				CLANG_ANALYZER_NONNULL = YES;
				CLANG_ANALYZER_NUMBER_OBJECT_CONVERSION = YES_AGGRESSIVE;
				CLANG_CXX_LANGUAGE_STANDARD = "gnu++14";
				CLANG_CXX_LIBRARY = "libc++";
				CLANG_ENABLE_MODULES = YES;
				CLANG_ENABLE_OBJC_ARC = YES;
				CLANG_ENABLE_OBJC_WEAK = YES;
				CLANG_WARN_BLOCK_CAPTURE_AUTORELEASING = YES;
				CLANG_WARN_BOOL_CONVERSION = YES;
				CLANG_WARN_COMMA = YES;
				CLANG_WARN_CONSTANT_CONVERSION = YES;
				CLANG_WARN_DEPRECATED_OBJC_IMPLEMENTATIONS = YES;
				CLANG_WARN_DIRECT_OBJC_ISA_USAGE = YES_ERROR;
				CLANG_WARN_DOCUMENTATION_COMMENTS = YES;
				CLANG_WARN_EMPTY_BODY = YES;
				CLANG_WARN_ENUM_CONVERSION = YES;
				CLANG_WARN_INFINITE_RECURSION = YES;
				CLANG_WARN_INT_CONVERSION = YES;
				CLANG_WARN_NON_LITERAL_NULL_CONVERSION = YES;
				CLANG_WARN_OBJC_IMPLICIT_RETAIN_SELF = YES;
				CLANG_WARN_OBJC_LITERAL_CONVERSION = YES;
				CLANG_WARN_OBJC_ROOT_CLASS = YES_ERROR;
				CLANG_WARN_RANGE_LOOP_ANALYSIS = YES;
				CLANG_WARN_STRICT_PROTOTYPES = YES;
				CLANG_WARN_SUSPICIOUS_MOVE = YES;
				CLANG_WARN_UNGUARDED_AVAILABILITY = YES_AGGRESSIVE;
				CLANG_WARN_UNREACHABLE_CODE = YES;
				CLANG_WARN__DUPLICATE_METHOD_MATCH = YES;
				COPY_PHASE_STRIP = NO;
				DEBUG_INFORMATION_FORMAT = dwarf;
				ENABLE_STRICT_OBJC_MSGSEND = YES;
				ENABLE_TESTABILITY = YES;
				GCC_C_LANGUAGE_STANDARD = gnu11;
				GCC_DYNAMIC_NO_PIC = NO;
				GCC_NO_COMMON_BLOCKS = YES;
				GCC_OPTIMIZATION_LEVEL = 0;
				GCC_PREPROCESSOR_DEFINITIONS = (
					"DEBUG=1",
					"$(inherited)",
				);
				GCC_WARN_64_TO_32_BIT_CONVERSION = YES;
				GCC_WARN_ABOUT_RETURN_TYPE = YES_ERROR;
				GCC_WARN_UNDECLARED_SELECTOR = YES;
				GCC_WARN_UNINITIALIZED_AUTOS = YES_AGGRESSIVE;
				GCC_WARN_UNUSED_FUNCTION = YES;
				GCC_WARN_UNUSED_VARIABLE = YES;
				IPHONEOS_DEPLOYMENT_TARGET = 13.2;
				MTL_ENABLE_DEBUG_INFO = INCLUDE_SOURCE;
				MTL_FAST_MATH = YES;
				ONLY_ACTIVE_ARCH = YES;
				SDKROOT = iphoneos;
				SWIFT_ACTIVE_COMPILATION_CONDITIONS = DEBUG;
				SWIFT_OPTIMIZATION_LEVEL = "-Onone";
			};
			name = Debug;
		};
		BCCC5AE0237EFA3900BE939E /* Release */ = {
			isa = XCBuildConfiguration;
			buildSettings = {
				ALWAYS_SEARCH_USER_PATHS = NO;
				CLANG_ANALYZER_NONNULL = YES;
				CLANG_ANALYZER_NUMBER_OBJECT_CONVERSION = YES_AGGRESSIVE;
				CLANG_CXX_LANGUAGE_STANDARD = "gnu++14";
				CLANG_CXX_LIBRARY = "libc++";
				CLANG_ENABLE_MODULES = YES;
				CLANG_ENABLE_OBJC_ARC = YES;
				CLANG_ENABLE_OBJC_WEAK = YES;
				CLANG_WARN_BLOCK_CAPTURE_AUTORELEASING = YES;
				CLANG_WARN_BOOL_CONVERSION = YES;
				CLANG_WARN_COMMA = YES;
				CLANG_WARN_CONSTANT_CONVERSION = YES;
				CLANG_WARN_DEPRECATED_OBJC_IMPLEMENTATIONS = YES;
				CLANG_WARN_DIRECT_OBJC_ISA_USAGE = YES_ERROR;
				CLANG_WARN_DOCUMENTATION_COMMENTS = YES;
				CLANG_WARN_EMPTY_BODY = YES;
				CLANG_WARN_ENUM_CONVERSION = YES;
				CLANG_WARN_INFINITE_RECURSION = YES;
				CLANG_WARN_INT_CONVERSION = YES;
				CLANG_WARN_NON_LITERAL_NULL_CONVERSION = YES;
				CLANG_WARN_OBJC_IMPLICIT_RETAIN_SELF = YES;
				CLANG_WARN_OBJC_LITERAL_CONVERSION = YES;
				CLANG_WARN_OBJC_ROOT_CLASS = YES_ERROR;
				CLANG_WARN_RANGE_LOOP_ANALYSIS = YES;
				CLANG_WARN_STRICT_PROTOTYPES = YES;
				CLANG_WARN_SUSPICIOUS_MOVE = YES;
				CLANG_WARN_UNGUARDED_AVAILABILITY = YES_AGGRESSIVE;
				CLANG_WARN_UNREACHABLE_CODE = YES;
				CLANG_WARN__DUPLICATE_METHOD_MATCH = YES;
				COPY_PHASE_STRIP = NO;
				DEBUG_INFORMATION_FORMAT = "dwarf-with-dsym";
				ENABLE_NS_ASSERTIONS = NO;
				ENABLE_STRICT_OBJC_MSGSEND = YES;
				GCC_C_LANGUAGE_STANDARD = gnu11;
				GCC_NO_COMMON_BLOCKS = YES;
				GCC_WARN_64_TO_32_BIT_CONVERSION = YES;
				GCC_WARN_ABOUT_RETURN_TYPE = YES_ERROR;
				GCC_WARN_UNDECLARED_SELECTOR = YES;
				GCC_WARN_UNINITIALIZED_AUTOS = YES_AGGRESSIVE;
				GCC_WARN_UNUSED_FUNCTION = YES;
				GCC_WARN_UNUSED_VARIABLE = YES;
				IPHONEOS_DEPLOYMENT_TARGET = 13.2;
				MTL_ENABLE_DEBUG_INFO = NO;
				MTL_FAST_MATH = YES;
				SDKROOT = iphoneos;
				SWIFT_COMPILATION_MODE = wholemodule;
				SWIFT_OPTIMIZATION_LEVEL = "-O";
				VALIDATE_PRODUCT = YES;
			};
			name = Release;
		};
		BCCC5AE2237EFA3900BE939E /* Debug */ = {
			isa = XCBuildConfiguration;
			baseConfigurationReference = E2301A51AE9A1782C12B5686 /* Pods-EasyFind.debug.xcconfig */;
			buildSettings = {
				ASSETCATALOG_COMPILER_APPICON_NAME = AppIcon;
				CODE_SIGN_STYLE = Automatic;
				INFOPLIST_FILE = "$(SRCROOT)/EasyFind/Misc/Info.plist";
				IPHONEOS_DEPLOYMENT_TARGET = 13.0;
				LD_RUNPATH_SEARCH_PATHS = (
					"$(inherited)",
					"@executable_path/Frameworks",
				);
				PRODUCT_BUNDLE_IDENTIFIER = com.ramanpreet.EasyFind;
				PRODUCT_NAME = "$(TARGET_NAME)";
				SWIFT_OBJC_BRIDGING_HEADER = "";
				SWIFT_VERSION = 5.0;
				TARGETED_DEVICE_FAMILY = 1;
			};
			name = Debug;
		};
		BCCC5AE3237EFA3900BE939E /* Release */ = {
			isa = XCBuildConfiguration;
			baseConfigurationReference = 9B5D738FCE8DABCF3B3EC10A /* Pods-EasyFind.release.xcconfig */;
			buildSettings = {
				ASSETCATALOG_COMPILER_APPICON_NAME = AppIcon;
				CODE_SIGN_STYLE = Automatic;
				INFOPLIST_FILE = "$(SRCROOT)/EasyFind/Misc/Info.plist";
				IPHONEOS_DEPLOYMENT_TARGET = 13.0;
				LD_RUNPATH_SEARCH_PATHS = (
					"$(inherited)",
					"@executable_path/Frameworks",
				);
				PRODUCT_BUNDLE_IDENTIFIER = com.ramanpreet.EasyFind;
				PRODUCT_NAME = "$(TARGET_NAME)";
				SWIFT_OBJC_BRIDGING_HEADER = "";
				SWIFT_VERSION = 5.0;
				TARGETED_DEVICE_FAMILY = 1;
			};
			name = Release;
		};
/* End XCBuildConfiguration section */

/* Begin XCConfigurationList section */
		BCCC5AC8237EFA3800BE939E /* Build configuration list for PBXProject "EasyFind" */ = {
			isa = XCConfigurationList;
			buildConfigurations = (
				BCCC5ADF237EFA3900BE939E /* Debug */,
				BCCC5AE0237EFA3900BE939E /* Release */,
			);
			defaultConfigurationIsVisible = 0;
			defaultConfigurationName = Release;
		};
		BCCC5AE1237EFA3900BE939E /* Build configuration list for PBXNativeTarget "EasyFind" */ = {
			isa = XCConfigurationList;
			buildConfigurations = (
				BCCC5AE2237EFA3900BE939E /* Debug */,
				BCCC5AE3237EFA3900BE939E /* Release */,
			);
			defaultConfigurationIsVisible = 0;
			defaultConfigurationName = Release;
		};
/* End XCConfigurationList section */
	};
	rootObject = BCCC5AC5237EFA3800BE939E /* Project object */;
}
